
Microsoft Visual Studio Solution File, Format Version 12.00
# Visual Studio Version 16
VisualStudioVersion = 16.0.30804.86
MinimumVisualStudioVersion = 10.0.40219.1
Project("{9A19103F-16F7-4668-BE54-9A1E7A4F7556}") = "KampIntro", "KampIntro\KampIntro.csproj", "{57CA8BF2-6C9F-41BD-A30D-AA3CD33A96C3}"
EndProject
Project("{9A19103F-16F7-4668-BE54-9A1E7A4F7556}") = "Donguler", "Donguler\Donguler.csproj", "{86CE6C15-5074-49E0-A2B8-4B94615C7684}"
EndProject
Project("{9A19103F-16F7-4668-BE54-9A1E7A4F7556}") = "ClassIntro", "ClassIntro\ClassIntro.csproj", "{AC418224-A649-4D0F-AEAA-0CAD36918E17}"
EndProject
Project("{9A19103F-16F7-4668-BE54-9A1E7A4F7556}") = "Methods", "Methods\Methods.csproj", "{57C769C8-D82F-42AB-AEB7-EA0D8B43315C}"
EndProject
Project("{9A19103F-16F7-4668-BE54-9A1E7A4F7556}") = "Matematik", "Matematik\Matematik.csproj", "{77DAFF61-FCBF-4A05-8742-91B636C6FE11}"
EndProject
Project("{9A19103F-16F7-4668-BE54-9A1E7A4F7556}") = "DegerVeReferansTipler", "DegerVeReferansTipler\DegerVeReferansTipler.csproj", "{6CD5D8EE-3A38-4962-AB93-0324841ADD32}"
EndProject
Project("{9A19103F-16F7-4668-BE54-9A1E7A4F7556}") = "OOP1", "OOP1\OOP1.csproj", "{B09150FF-3BA2-4352-AE1C-73981D40E88D}"
EndProject
Project("{9A19103F-16F7-4668-BE54-9A1E7A4F7556}") = "Koleksiyonlar", "Koleksiyonlar\Koleksiyonlar.csproj", "{5A8513C7-3F47-4978-841E-793BB224F72E}"
EndProject
Project("{9A19103F-16F7-4668-BE54-9A1E7A4F7556}") = "Shortcuts", "Shortcuts\Shortcuts.csproj", "{3F3F95D4-BBB4-49EE-BDE3-86A5D4FB49C8}"
EndProject
Project("{9A19103F-16F7-4668-BE54-9A1E7A4F7556}") = "GenericsIntro", "GenericsIntro\GenericsIntro.csproj", "{4B0A1723-59F6-4B16-ACD2-D48B4007189A}"
EndProject
Project("{FAE04EC0-301F-11D3-BF4B-00C04F79EFBC}") = "OOP2", "OOP2\OOP2.csproj", "{615FF9CA-C2B4-40CA-9A20-38194771F6E5}"
EndProject
Project("{FAE04EC0-301F-11D3-BF4B-00C04F79EFBC}") = "OOP3", "OOP3\OOP3.csproj", "{CE60C07D-6D2E-422E-A1B8-193C9A2A0D1D}"
EndProject
Global
	GlobalSection(SolutionConfigurationPlatforms) = preSolution
		Debug|Any CPU = Debug|Any CPU
		Release|Any CPU = Release|Any CPU
	EndGlobalSection
	GlobalSection(ProjectConfigurationPlatforms) = postSolution
		{57CA8BF2-6C9F-41BD-A30D-AA3CD33A96C3}.Debug|Any CPU.ActiveCfg = Debug|Any CPU
		{57CA8BF2-6C9F-41BD-A30D-AA3CD33A96C3}.Debug|Any CPU.Build.0 = Debug|Any CPU
		{57CA8BF2-6C9F-41BD-A30D-AA3CD33A96C3}.Release|Any CPU.ActiveCfg = Release|Any CPU
		{57CA8BF2-6C9F-41BD-A30D-AA3CD33A96C3}.Release|Any CPU.Build.0 = Release|Any CPU
		{86CE6C15-5074-49E0-A2B8-4B94615C7684}.Debug|Any CPU.ActiveCfg = Debug|Any CPU
		{86CE6C15-5074-49E0-A2B8-4B94615C7684}.Debug|Any CPU.Build.0 = Debug|Any CPU
		{86CE6C15-5074-49E0-A2B8-4B94615C7684}.Release|Any CPU.ActiveCfg = Release|Any CPU
		{86CE6C15-5074-49E0-A2B8-4B94615C7684}.Release|Any CPU.Build.0 = Release|Any CPU
		{AC418224-A649-4D0F-AEAA-0CAD36918E17}.Debug|Any CPU.ActiveCfg = Debug|Any CPU
		{AC418224-A649-4D0F-AEAA-0CAD36918E17}.Debug|Any CPU.Build.0 = Debug|Any CPU
		{AC418224-A649-4D0F-AEAA-0CAD36918E17}.Release|Any CPU.ActiveCfg = Release|Any CPU
		{AC418224-A649-4D0F-AEAA-0CAD36918E17}.Release|Any CPU.Build.0 = Release|Any CPU
		{57C769C8-D82F-42AB-AEB7-EA0D8B43315C}.Debug|Any CPU.ActiveCfg = Debug|Any CPU
		{57C769C8-D82F-42AB-AEB7-EA0D8B43315C}.Debug|Any CPU.Build.0 = Debug|Any CPU
		{57C769C8-D82F-42AB-AEB7-EA0D8B43315C}.Release|Any CPU.ActiveCfg = Release|Any CPU
		{57C769C8-D82F-42AB-AEB7-EA0D8B43315C}.Release|Any CPU.Build.0 = Release|Any CPU
		{77DAFF61-FCBF-4A05-8742-91B636C6FE11}.Debug|Any CPU.ActiveCfg = Debug|Any CPU
		{77DAFF61-FCBF-4A05-8742-91B636C6FE11}.Debug|Any CPU.Build.0 = Debug|Any CPU
		{77DAFF61-FCBF-4A05-8742-91B636C6FE11}.Release|Any CPU.ActiveCfg = Release|Any CPU
		{77DAFF61-FCBF-4A05-8742-91B636C6FE11}.Release|Any CPU.Build.0 = Release|Any CPU
		{6CD5D8EE-3A38-4962-AB93-0324841ADD32}.Debug|Any CPU.ActiveCfg = Debug|Any CPU
		{6CD5D8EE-3A38-4962-AB93-0324841ADD32}.Debug|Any CPU.Build.0 = Debug|Any CPU
		{6CD5D8EE-3A38-4962-AB93-0324841ADD32}.Release|Any CPU.ActiveCfg = Release|Any CPU
		{6CD5D8EE-3A38-4962-AB93-0324841ADD32}.Release|Any CPU.Build.0 = Release|Any CPU
		{B09150FF-3BA2-4352-AE1C-73981D40E88D}.Debug|Any CPU.ActiveCfg = Debug|Any CPU
		{B09150FF-3BA2-4352-AE1C-73981D40E88D}.Debug|Any CPU.Build.0 = Debug|Any CPU
		{B09150FF-3BA2-4352-AE1C-73981D40E88D}.Release|Any CPU.ActiveCfg = Release|Any CPU
		{B09150FF-3BA2-4352-AE1C-73981D40E88D}.Release|Any CPU.Build.0 = Release|Any CPU
		{5A8513C7-3F47-4978-841E-793BB224F72E}.Debug|Any CPU.ActiveCfg = Debug|Any CPU
		{5A8513C7-3F47-4978-841E-793BB224F72E}.Debug|Any CPU.Build.0 = Debug|Any CPU
		{5A8513C7-3F47-4978-841E-793BB224F72E}.Release|Any CPU.ActiveCfg = Release|Any CPU
		{5A8513C7-3F47-4978-841E-793BB224F72E}.Release|Any CPU.Build.0 = Release|Any CPU
		{3F3F95D4-BBB4-49EE-BDE3-86A5D4FB49C8}.Debug|Any CPU.ActiveCfg = Debug|Any CPU
		{3F3F95D4-BBB4-49EE-BDE3-86A5D4FB49C8}.Debug|Any CPU.Build.0 = Debug|Any CPU
		{3F3F95D4-BBB4-49EE-BDE3-86A5D4FB49C8}.Release|Any CPU.ActiveCfg = Release|Any CPU
		{3F3F95D4-BBB4-49EE-BDE3-86A5D4FB49C8}.Release|Any CPU.Build.0 = Release|Any CPU
		{4B0A1723-59F6-4B16-ACD2-D48B4007189A}.Debug|Any CPU.ActiveCfg = Debug|Any CPU
		{4B0A1723-59F6-4B16-ACD2-D48B4007189A}.Debug|Any CPU.Build.0 = Debug|Any CPU
		{4B0A1723-59F6-4B16-ACD2-D48B4007189A}.Release|Any CPU.ActiveCfg = Release|Any CPU
		{4B0A1723-59F6-4B16-ACD2-D48B4007189A}.Release|Any CPU.Build.0 = Release|Any CPU
		{615FF9CA-C2B4-40CA-9A20-38194771F6E5}.Debug|Any CPU.ActiveCfg = Debug|Any CPU
		{615FF9CA-C2B4-40CA-9A20-38194771F6E5}.Debug|Any CPU.Build.0 = Debug|Any CPU
		{615FF9CA-C2B4-40CA-9A20-38194771F6E5}.Release|Any CPU.ActiveCfg = Release|Any CPU
		{615FF9CA-C2B4-40CA-9A20-38194771F6E5}.Release|Any CPU.Build.0 = Release|Any CPU
		{CE60C07D-6D2E-422E-A1B8-193C9A2A0D1D}.Debug|Any CPU.ActiveCfg = Debug|Any CPU
		{CE60C07D-6D2E-422E-A1B8-193C9A2A0D1D}.Debug|Any CPU.Build.0 = Debug|Any CPU
		{CE60C07D-6D2E-422E-A1B8-193C9A2A0D1D}.Release|Any CPU.ActiveCfg = Release|Any CPU
		{CE60C07D-6D2E-422E-A1B8-193C9A2A0D1D}.Release|Any CPU.Build.0 = Release|Any CPU
	EndGlobalSection
	GlobalSection(SolutionProperties) = preSolution
		HideSolutionNode = FALSE
	EndGlobalSection
	GlobalSection(ExtensibilityGlobals) = postSolution
		SolutionGuid = {63088144-9E39-4F31-898D-CA2CC924CFB7}
	EndGlobalSection
EndGlobal
